{
    "_meta": {
        "hash": {
            "sha256": "aea0c0ce3f2d6e596e53383d8faa785bbb5f8fc57ef462e48f44b123cc019be5"
        },
        "pipfile-spec": 6,
        "requires": {
            "python_version": "3.9"
        },
        "sources": [
            {
                "name": "pypi",
                "url": "https://pypi.org/simple",
                "verify_ssl": true
            }
        ]
    },
    "default": {
        "iso8601": {
            "hashes": [
                "sha256:32811e7b81deee2063ea6d2e94f8819a86d1f3811e49d23623a41fa832bef03f",
                "sha256:8400e90141bf792bce2634df533dc57e3bee19ea120a87bebcd3da89a58ad73f"
            ],
            "index": "pypi",
            "version": "==1.1.0"
        }
    },
    "develop": {}
}
